// !$*UTF8*$!
{
	archiveVersion = 1;
	classes = {
	};
	objectVersion = 46;
	objects = {

/* Begin PBXBuildFile section */
		819C1C2C1E664BC30022FF09 /* AppDelegate.swift in Sources */ = {isa = PBXBuildFile; fileRef = 819C1C2B1E664BC30022FF09 /* AppDelegate.swift */; };
		819C1C2E1E664BC30022FF09 /* ViewController.swift in Sources */ = {isa = PBXBuildFile; fileRef = 819C1C2D1E664BC30022FF09 /* ViewController.swift */; };
		819C1C311E664BC30022FF09 /* Main.storyboard in Resources */ = {isa = PBXBuildFile; fileRef = 819C1C2F1E664BC30022FF09 /* Main.storyboard */; };
		819C1C331E664BC30022FF09 /* Assets.xcassets in Resources */ = {isa = PBXBuildFile; fileRef = 819C1C321E664BC30022FF09 /* Assets.xcassets */; };
		819C1C361E664BC30022FF09 /* LaunchScreen.storyboard in Resources */ = {isa = PBXBuildFile; fileRef = 819C1C341E664BC30022FF09 /* LaunchScreen.storyboard */; };
		819C1C3F1E664C780022FF09 /* MapKit.framework in Frameworks */ = {isa = PBXBuildFile; fileRef = 819C1C3E1E664C780022FF09 /* MapKit.framework */; };
/* End PBXBuildFile section */

/* Begin PBXFileReference section */
		819C1C281E664BC30022FF09 /* CoffeeMe.app */ = {isa = PBXFileReference; explicitFileType = wrapper.application; includeInIndex = 0; path = CoffeeMe.app; sourceTree = BUILT_PRODUCTS_DIR; };
		819C1C2B1E664BC30022FF09 /* AppDelegate.swift */ = {isa = PBXFileReference; lastKnownFileType = sourcecode.swift; path = AppDelegate.swift; sourceTree = "<group>"; };
		819C1C2D1E664BC30022FF09 /* ViewController.swift */ = {isa = PBXFileReference; lastKnownFileType = sourcecode.swift; path = ViewController.swift; sourceTree = "<group>"; };
		819C1C301E664BC30022FF09 /* Base */ = {isa = PBXFileReference; lastKnownFileType = file.storyboard; name = Base; path = Base.lproj/Main.storyboard; sourceTree = "<group>"; };
		819C1C321E664BC30022FF09 /* Assets.xcassets */ = {isa = PBXFileReference; lastKnownFileType = folder.assetcatalog; path = Assets.xcassets; sourceTree = "<group>"; };
		819C1C351E664BC30022FF09 /* Base */ = {isa = PBXFileReference; lastKnownFileType = file.storyboard; name = Base; path = Base.lproj/LaunchScreen.storyboard; sourceTree = "<group>"; };
		819C1C371E664BC30022FF09 /* Info.plist */ = {isa = PBXFileReference; lastKnownFileType = text.plist.xml; path = Info.plist; sourceTree = "<group>"; };
		819C1C3E1E664C780022FF09 /* MapKit.framework */ = {isa = PBXFileReference; lastKnownFileType = wrapper.framework; name = MapKit.framework; path = System/Library/Frameworks/MapKit.framework; sourceTree = SDKROOT; };
/* End PBXFileReference section */

/* Begin PBXFrameworksBuildPhase section */
		819C1C251E664BC30022FF09 /* Frameworks */ = {
			isa = PBXFrameworksBuildPhase;
			buildActionMask = 2147483647;
			files = (
				819C1C3F1E664C780022FF09 /* MapKit.framework in Frameworks */,
			);
			runOnlyForDeploymentPostprocessing = 0;
		};
/* End PBXFrameworksBuildPhase section */

/* Begin PBXGroup section */
		819C1C1F1E664BC30022FF09 = {
			isa = PBXGroup;
			children = (
				819C1C2A1E664BC30022FF09 /* CoffeeMe */,
				819C1C291E664BC30022FF09 /* Products */,
				819C1C3D1E664C780022FF09 /* Frameworks */,
			);
			sourceTree = "<group>";
		};
		819C1C291E664BC30022FF09 /* Products */ = {
			isa = PBXGroup;
			children = (
				819C1C281E664BC30022FF09 /* CoffeeMe.app */,
			);
			name = Products;
			sourceTree = "<group>";
		};
		819C1C2A1E664BC30022FF09 /* CoffeeMe */ = {
			isa = PBXGroup;
			children = (
				819C1C2B1E664BC30022FF09 /* AppDelegate.swift */,
				819C1C2D1E664BC30022FF09 /* ViewController.swift */,
				819C1C2F1E664BC30022FF09 /* Main.storyboard */,
				819C1C321E664BC30022FF09 /* Assets.xcassets */,
				819C1C341E664BC30022FF09 /* LaunchScreen.storyboard */,
				819C1C371E664BC30022FF09 /* Info.plist */,
			);
			path = CoffeeMe;
			sourceTree = "<group>";
		};
		819C1C3D1E664C780022FF09 /* Frameworks */ = {
			isa = PBXGroup;
			children = (
				819C1C3E1E664C780022FF09 /* MapKit.framework */,
			);
			name = Frameworks;
			sourceTree = "<group>";
		};
/* End PBXGroup section */

/* Begin PBXNativeTarget section */
		819C1C271E664BC30022FF09 /* CoffeeMe */ = {
			isa = PBXNativeTarget;
			buildConfigurationList = 819C1C3A1E664BC30022FF09 /* Build configuration list for PBXNativeTarget "CoffeeMe" */;
			buildPhases = (
				819C1C241E664BC30022FF09 /* Sources */,
				819C1C251E664BC30022FF09 /* Frameworks */,
				819C1C261E664BC30022FF09 /* Resources */,
			);
			buildRules = (
			);
			dependencies = (
			);
			name = CoffeeMe;
			productName = CoffeeMe;
			productReference = 819C1C281E664BC30022FF09 /* CoffeeMe.app */;
			productType = "com.apple.product-type.application";
		};
/* End PBXNativeTarget section */

/* Begin PBXProject section */
		819C1C201E664BC30022FF09 /* Project object */ = {
			isa = PBXProject;
			attributes = {
				LastSwiftUpdateCheck = 0820;
				LastUpgradeCheck = 0820;
				ORGANIZATIONNAME = "Shane Empie";
				TargetAttributes = {
					819C1C271E664BC30022FF09 = {
						CreatedOnToolsVersion = 8.2.1;
						DevelopmentTeam = 9N6M5Y8VH3;
						ProvisioningStyle = Automatic;
						SystemCapabilities = {
							com.apple.Maps.iOS = {
								enabled = 1;
							};
						};
					};
				};
			};
			buildConfigurationList = 819C1C231E664BC30022FF09 /* Build configuration list for PBXProject "CoffeeMe" */;
			compatibilityVersion = "Xcode 3.2";
			developmentRegion = English;
			hasScannedForEncodings = 0;
			knownRegions = (
				en,
				Base,
			);
			mainGroup = 819C1C1F1E664BC30022FF09;
			productRefGroup = 819C1C291E664BC30022FF09 /* Products */;
			projectDirPath = "";
			projectRoot = "";
			targets = (
				819C1C271E664BC30022FF09 /* CoffeeMe */,
			);
		};
/* End PBXProject section */

/* Begin PBXResourcesBuildPhase section */
		819C1C261E664BC30022FF09 /* Resources */ = {
			isa = PBXResourcesBuildPhase;
			buildActionMask = 2147483647;
			files = (
				819C1C361E664BC30022FF09 /* LaunchScreen.storyboard in Resources */,
				819C1C331E664BC30022FF09 /* Assets.xcassets in Resources */,
				819C1C311E664BC30022FF09 /* Main.storyboard in Resources */,
			);
			runOnlyForDeploymentPostprocessing = 0;
		};
/* End PBXResourcesBuildPhase section */

/* Begin PBXSourcesBuildPhase section */
		819C1C241E664BC30022FF09 /* Sources */ = {
			isa = PBXSourcesBuildPhase;
			buildActionMask = 2147483647;
			files = (
				819C1C2E1E664BC30022FF09 /* ViewController.swift in Sources */,
				819C1C2C1E664BC30022FF09 /* AppDelegate.swift in Sources */,
			);
			runOnlyForDeploymentPostprocessing = 0;
		};
/* End PBXSourcesBuildPhase section */

/* Begin PBXVariantGroup section */
		819C1C2F1E664BC30022FF09 /* Main.storyboard */ = {
			isa = PBXVariantGroup;
			children = (
				819C1C301E664BC30022FF09 /* Base */,
			);
			name = Main.storyboard;
			sourceTree = "<group>";
		};
		819C1C341E664BC30022FF09 /* LaunchScreen.storyboard */ = {
			isa = PBXVariantGroup;
			children = (
				819C1C351E664BC30022FF09 /* Base */,
			);
			name = LaunchScreen.storyboard;
			sourceTree = "<group>";
		};
/* End PBXVariantGroup section */

/* Begin XCBuildConfiguration section */
		819C1C381E664BC30022FF09 /* Debug */ = {
			isa = XCBuildConfiguration;
			buildSettings = {
				ALWAYS_SEARCH_USER_PATHS = NO;
				CLANG_ANALYZER_NONNULL = YES;
				CLANG_CXX_LANGUAGE_STANDARD = "gnu++0x";
				CLANG_CXX_LIBRARY = "libc++";
				CLANG_ENABLE_MODULES = YES;
				CLANG_ENABLE_OBJC_ARC = YES;
				CLANG_WARN_BOOL_CONVERSION = YES;
				CLANG_WARN_CONSTANT_CONVERSION = YES;
				CLANG_WARN_DIRECT_OBJC_ISA_USAGE = YES_ERROR;
				CLANG_WARN_DOCUMENTATION_COMMENTS = YES;
				CLANG_WARN_EMPTY_BODY = YES;
				CLANG_WARN_ENUM_CONVERSION = YES;
				CLANG_WARN_INFINITE_RECURSION = YES;
				CLANG_WARN_INT_CONVERSION = YES;
				CLANG_WARN_OBJC_ROOT_CLASS = YES_ERROR;
				CLANG_WARN_SUSPICIOUS_MOVE = YES;
				CLANG_WARN_UNREACHABLE_CODE = YES;
				CLANG_WARN__DUPLICATE_METHOD_MATCH = YES;
				"CODE_SIGN_IDENTITY[sdk=iphoneos*]" = "iPhone Developer";
				COPY_PHASE_STRIP = NO;
				DEBUG_INFORMATION_FORMAT = dwarf;
				ENABLE_STRICT_OBJC_MSGSEND = YES;
				ENABLE_TESTABILITY = YES;
				GCC_C_LANGUAGE_STANDARD = gnu99;
				GCC_DYNAMIC_NO_PIC = NO;
				GCC_NO_COMMON_BLOCKS = YES;
				GCC_OPTIMIZATION_LEVEL = 0;
				GCC_PREPROCESSOR_DEFINITIONS = (
					"DEBUG=1",
					"$(inherited)",
				);
				GCC_WARN_64_TO_32_BIT_CONVERSION = YES;
				GCC_WARN_ABOUT_RETURN_TYPE = YES_ERROR;
				GCC_WARN_UNDECLARED_SELECTOR = YES;
				GCC_WARN_UNINITIALIZED_AUTOS = YES_AGGRESSIVE;
				GCC_WARN_UNUSED_FUNCTION = YES;
				GCC_WARN_UNUSED_VARIABLE = YES;
				IPHONEOS_DEPLOYMENT_TARGET = 10.2;
				MTL_ENABLE_DEBUG_INFO = YES;
				ONLY_ACTIVE_ARCH = YES;
				SDKROOT = iphoneos;
				SWIFT_ACTIVE_COMPILATION_CONDITIONS = DEBUG;
				SWIFT_OPTIMIZATION_LEVEL = "-Onone";
				TARGETED_DEVICE_FAMILY = "1,2";
			};
			name = Debug;
		};
		819C1C391E664BC30022FF09 /* Release */ = {
			isa = XCBuildConfiguration;
			buildSettings = {
				ALWAYS_SEARCH_USER_PATHS = NO;
				CLANG_ANALYZER_NONNULL = YES;
				CLANG_CXX_LANGUAGE_STANDARD = "gnu++0x";
				CLANG_CXX_LIBRARY = "libc++";
				CLANG_ENABLE_MODULES = YES;
				CLANG_ENABLE_OBJC_ARC = YES;
				CLANG_WARN_BOOL_CONVERSION = YES;
				CLANG_WARN_CONSTANT_CONVERSION = YES;
				CLANG_WARN_DIRECT_OBJC_ISA_USAGE = YES_ERROR;
				CLANG_WARN_DOCUMENTATION_COMMENTS = YES;
				CLANG_WARN_EMPTY_BODY = YES;
				CLANG_WARN_ENUM_CONVERSION = YES;
				CLANG_WARN_INFINITE_RECURSION = YES;
				CLANG_WARN_INT_CONVERSION = YES;
				CLANG_WARN_OBJC_ROOT_CLASS = YES_ERROR;
				CLANG_WARN_SUSPICIOUS_MOVE = YES;
				CLANG_WARN_UNREACHABLE_CODE = YES;
				CLANG_WARN__DUPLICATE_METHOD_MATCH = YES;
				"CODE_SIGN_IDENTITY[sdk=iphoneos*]" = "iPhone Developer";
				COPY_PHASE_STRIP = NO;
				DEBUG_INFORMATION_FORMAT = "dwarf-with-dsym";
				ENABLE_NS_ASSERTIONS = NO;
				ENABLE_STRICT_OBJC_MSGSEND = YES;
				GCC_C_LANGUAGE_STANDARD = gnu99;
				GCC_NO_COMMON_BLOCKS = YES;
				GCC_WARN_64_TO_32_BIT_CONVERSION = YES;
				GCC_WARN_ABOUT_RETURN_TYPE = YES_ERROR;
				GCC_WARN_UNDECLARED_SELECTOR = YES;
				GCC_WARN_UNINITIALIZED_AUTOS = YES_AGGRESSIVE;
				GCC_WARN_UNUSED_FUNCTION = YES;
				GCC_WARN_UNUSED_VARIABLE = YES;
				IPHONEOS_DEPLOYMENT_TARGET = 10.2;
				MTL_ENABLE_DEBUG_INFO = NO;
				SDKROOT = iphoneos;
				SWIFT_OPTIMIZATION_LEVEL = "-Owholemodule";
				TARGETED_DEVICE_FAMILY = "1,2";
				VALIDATE_PRODUCT = YES;
			};
			name = Release;
		};
		819C1C3B1E664BC30022FF09 /* Debug */ = {
			isa = XCBuildConfiguration;
			buildSettings = {
				ASSETCATALOG_COMPILER_APPICON_NAME = AppIcon;
				DEVELOPMENT_TEAM = 9N6M5Y8VH3;
				INFOPLIST_FILE = CoffeeMe/Info.plist;
				IPHONEOS_DEPLOYMENT_TARGET = 10.2;
				LD_RUNPATH_SEARCH_PATHS = "$(inherited) @executable_path/Frameworks";
				PRODUCT_BUNDLE_IDENTIFIER = wccnet.edu.sempie.CoffeeMe;
				PRODUCT_NAME = "$(TARGET_NAME)";
				SWIFT_VERSION = 3.0;
			};
			name = Debug;
		};
		819C1C3C1E664BC30022FF09 /* Release */ = {
			isa = XCBuildConfiguration;
			buildSettings = {
				ASSETCATALOG_COMPILER_APPICON_NAME = AppIcon;
				DEVELOPMENT_TEAM = 9N6M5Y8VH3;
				INFOPLIST_FILE = CoffeeMe/Info.plist;
				IPHONEOS_DEPLOYMENT_TARGET = 10.2;
				LD_RUNPATH_SEARCH_PATHS = "$(inherited) @executable_path/Frameworks";
				PRODUCT_BUNDLE_IDENTIFIER = wccnet.edu.sempie.CoffeeMe;
				PRODUCT_NAME = "$(TARGET_NAME)";
				SWIFT_VERSION = 3.0;
			};
			name = Release;
		};
/* End XCBuildConfiguration section */

/* Begin XCConfigurationList section */
		819C1C231E664BC30022FF09 /* Build configuration list for PBXProject "CoffeeMe" */ = {
			isa = XCConfigurationList;
			buildConfigurations = (
				819C1C381E664BC30022FF09 /* Debug */,
				819C1C391E664BC30022FF09 /* Release */,
			);
			defaultConfigurationIsVisible = 0;
			defaultConfigurationName = Release;
		};
		819C1C3A1E664BC30022FF09 /* Build configuration list for PBXNativeTarget "CoffeeMe" */ = {
			isa = XCConfigurationList;
			buildConfigurations = (
				819C1C3B1E664BC30022FF09 /* Debug */,
				819C1C3C1E664BC30022FF09 /* Release */,
			);
			defaultConfigurationIsVisible = 0;
		};
/* End XCConfigurationList section */
	};
	rootObject = 819C1C201E664BC30022FF09 /* Project object */;
}
